{
  "name": "manga-check",
  "version": "1.0.0",
  "lockfileVersion": 1,
  "requires": true,
  "dependencies": {
    "@types/node": {
      "version": "15.6.1",
      "resolved": "https://artifactory.gamesys.co.uk:443/artifactory/api/npm/gamesys-ps-community-npm/@types/node/-/node-15.6.1.tgz",
      "integrity": "sha1-MtQzkNXGLFtuxIapvJxZVE3jmgg="
    },
    "boolbase": {
      "version": "1.0.0",
      "resolved": "https://artifactory.gamesys.co.uk:443/artifactory/api/npm/gamesys-ps-community-npm/boolbase/-/boolbase-1.0.0.tgz",
      "integrity": "sha1-aN/1++YMUes3cl6p4+0xDcwed24="
    },
    "cheerio": {
      "version": "1.0.0-rc.3",
      "resolved": "https://artifactory.gamesys.co.uk:443/artifactory/api/npm/gamesys-ps-community-npm/cheerio/-/cheerio-1.0.0-rc.3.tgz",
      "integrity": "sha1-CUY21CWy6cD065GkbAVjDJoai/Y=",
      "requires": {
        "css-select": "~1.2.0",
        "dom-serializer": "~0.1.1",
        "entities": "~1.1.1",
        "htmlparser2": "^3.9.1",
        "lodash": "^4.15.0",
        "parse5": "^3.0.1"
      }
    },
    "colors": {
      "version": "1.4.0",
      "resolved": "https://artifactory.gamesys.co.uk:443/artifactory/api/npm/gamesys-ps-community-npm/colors/-/colors-1.4.0.tgz",
      "integrity": "sha1-xQSRR51MG9rtLJztMs98fcI2D3g="
    },
    "commander": {
      "version": "6.1.0",
      "resolved": "https://artifactory.gamesys.co.uk:443/artifactory/api/npm/gamesys-ps-community-npm/commander/-/commander-6.1.0.tgz",
      "integrity": "sha1-+Ncit4EDFBAGtm9Me6HpcxW6dbw="
    },
    "css-select": {
      "version": "1.2.0",
      "resolved": "https://artifactory.gamesys.co.uk:443/artifactory/api/npm/gamesys-ps-community-npm/css-select/-/css-select-1.2.0.tgz",
      "integrity": "sha1-KzoRBTnFNV8c2NMUYj6HCxIeyFg=",
      "requires": {
        "boolbase": "~1.0.0",
        "css-what": "2.1",
        "domutils": "1.5.1",
        "nth-check": "~1.0.1"
      }
    },
    "css-what": {
      "version": "2.1.3",
      "resolved": "https://artifactory.gamesys.co.uk:443/artifactory/api/npm/gamesys-ps-community-npm/css-what/-/css-what-2.1.3.tgz",
      "integrity": "sha1-ptdgRXM2X+dGhsPzEcVlE9iChfI="
    },
    "dom-serializer": {
      "version": "0.1.1",
      "resolved": "https://artifactory.gamesys.co.uk:443/artifactory/api/npm/gamesys-ps-community-npm/dom-serializer/-/dom-serializer-0.1.1.tgz",
      "integrity": "sha1-HsQFnihLq+027sKUHUqXChic58A=",
      "requires": {
        "domelementtype": "^1.3.0",
        "entities": "^1.1.1"
      }
    },
    "domelementtype": {
      "version": "1.3.1",
      "resolved": "https://artifactory.gamesys.co.uk:443/artifactory/api/npm/gamesys-ps-community-npm/domelementtype/-/domelementtype-1.3.1.tgz",
      "integrity": "sha1-0EjESzew0Qp/Kj1f7j9DM9eQSB8="
    },
    "domhandler": {
      "version": "2.4.2",
      "resolved": "https://artifactory.gamesys.co.uk:443/artifactory/api/npm/gamesys-ps-community-npm/domhandler/-/domhandler-2.4.2.tgz",
      "integrity": "sha1-iAUJfpM9ZehVRvcm1g9euItE+AM=",
      "requires": {
        "domelementtype": "1"
      }
    },
    "domutils": {
      "version": "1.5.1",
      "resolved": "https://artifactory.gamesys.co.uk:443/artifactory/api/npm/gamesys-ps-community-npm/domutils/-/domutils-1.5.1.tgz",
      "integrity": "sha1-3NhIiib1Y9YQeeSMn3t+Mjc2gs8=",
      "requires": {
        "dom-serializer": "0",
        "domelementtype": "1"
      }
    },
    "entities": {
      "version": "1.1.2",
      "resolved": "https://artifactory.gamesys.co.uk:443/artifactory/api/npm/gamesys-ps-community-npm/entities/-/entities-1.1.2.tgz",
      "integrity": "sha1-vfpzUplmTfr9NFKe1PhSKidf6lY="
    },
    "folktale": {
      "version": "2.3.2",
      "resolved": "https://artifactory.gamesys.co.uk:443/artifactory/api/npm/gamesys-ps-community-npm/folktale/-/folktale-2.3.2.tgz",
      "integrity": "sha1-OCMbA55e82mJkgy/gFv2sie/T9Q="
    },
    "htmlparser2": {
      "version": "3.10.1",
      "resolved": "https://artifactory.gamesys.co.uk:443/artifactory/api/npm/gamesys-ps-community-npm/htmlparser2/-/htmlparser2-3.10.1.tgz",
      "integrity": "sha1-vWedw/WYl7ajS7EHSchVu1OpOS8=",
      "requires": {
        "domelementtype": "^1.3.1",
        "domhandler": "^2.3.0",
        "domutils": "^1.5.1",
        "entities": "^1.1.1",
        "inherits": "^2.0.1",
        "readable-stream": "^3.1.1"
      }
    },
    "inherits": {
      "version": "2.0.4",
      "resolved": "https://artifactory.gamesys.co.uk:443/artifactory/api/npm/gamesys-ps-community-npm/inherits/-/inherits-2.0.4.tgz",
      "integrity": "sha1-D6LGT5MpF8NDOg3tVTY6rjdBa3w="
    },
    "kleur": {
      "version": "3.0.3",
      "resolved": "https://artifactory.gamesys.co.uk:443/artifactory/api/npm/gamesys-ps-community-npm/kleur/-/kleur-3.0.3.tgz",
      "integrity": "sha1-p5yezIbuHOP6YgbRIWxQHxR/wH4="
    },
    "lodash": {
      "version": "4.17.21",
      "resolved": "https://artifactory.gamesys.co.uk:443/artifactory/api/npm/gamesys-ps-community-npm/lodash/-/lodash-4.17.21.tgz",
      "integrity": "sha1-Z5WRxWTDv/quhFTPCz3zcMPWkRw="
    },
    "moment": {
      "version": "2.28.0",
      "resolved": "https://artifactory.gamesys.co.uk:443/artifactory/api/npm/gamesys-ps-community-npm/moment/-/moment-2.28.0.tgz",
      "integrity": "sha1-zf5zzgEyfO5lN7D6+sLg8hojfXU="
    },
    "node-fetch": {
      "version": "2.6.1",
      "resolved": "https://artifactory.gamesys.co.uk:443/artifactory/api/npm/gamesys-ps-community-npm/node-fetch/-/node-fetch-2.6.1.tgz",
      "integrity": "sha1-BFvTI2Mfdu0uK1VXM5RBa2OaAFI="
    },
    "nth-check": {
      "version": "1.0.2",
      "resolved": "https://artifactory.gamesys.co.uk:443/artifactory/api/npm/gamesys-ps-community-npm/nth-check/-/nth-check-1.0.2.tgz",
      "integrity": "sha1-sr0pXDfj3VijvwcAN2Zjuk2c8Fw=",
      "requires": {
        "boolbase": "~1.0.0"
      }
    },
    "parse5": {
      "version": "3.0.3",
      "resolved": "https://artifactory.gamesys.co.uk:443/artifactory/api/npm/gamesys-ps-community-npm/parse5/-/parse5-3.0.3.tgz",
      "integrity": "sha1-BC95L/3TaFFVHPTp4Gazh0q0W1w=",
      "requires": {
        "@types/node": "*"
      }
    },
    "prompts": {
      "version": "2.3.2",
      "resolved": "https://artifactory.gamesys.co.uk:443/artifactory/api/npm/gamesys-ps-community-npm/prompts/-/prompts-2.3.2.tgz",
      "integrity": "sha1-SAVy2J7POVZtK9P+LJ/Mt8TAsGg=",
      "requires": {
        "kleur": "^3.0.3",
        "sisteransi": "^1.0.4"
      }
    },
    "readable-stream": {
      "version": "3.6.0",
      "resolved": "https://artifactory.gamesys.co.uk:443/artifactory/api/npm/gamesys-ps-community-npm/readable-stream/-/readable-stream-3.6.0.tgz",
      "integrity": "sha1-M3u9o63AcGvT4CRCaihtS0sskZg=",
      "requires": {
        "inherits": "^2.0.3",
        "string_decoder": "^1.1.1",
        "util-deprecate": "^1.0.1"
      }
    },
    "safe-buffer": {
      "version": "5.2.1",
      "resolved": "https://artifactory.gamesys.co.uk:443/artifactory/api/npm/gamesys-ps-community-npm/safe-buffer/-/safe-buffer-5.2.1.tgz",
      "integrity": "sha1-Hq+fqb2x/dTsdfWPnNtOa3gn7sY="
    },
    "sisteransi": {
      "version": "1.0.5",
      "resolved": "https://artifactory.gamesys.co.uk:443/artifactory/api/npm/gamesys-ps-community-npm/sisteransi/-/sisteransi-1.0.5.tgz",
      "integrity": "sha1-E01oEpd1ZDfMBcoBNw06elcQde0="
    },
    "string_decoder": {
      "version": "1.3.0",
      "resolved": "https://artifactory.gamesys.co.uk:443/artifactory/api/npm/gamesys-ps-community-npm/string_decoder/-/string_decoder-1.3.0.tgz",
      "integrity": "sha1-QvEUWUpGzxqOMLCoT1bHjD7awh4=",
      "requires": {
        "safe-buffer": "~5.2.0"
      }
    },
    "util-deprecate": {
      "version": "1.0.2",
      "resolved": "https://artifactory.gamesys.co.uk:443/artifactory/api/npm/gamesys-ps-community-npm/util-deprecate/-/util-deprecate-1.0.2.tgz",
      "integrity": "sha1-RQ1Nyfpw3nMnYvvS1KKJgUGaDM8="
    }
  }
}
